
Microsoft Visual Studio Solution File, Format Version 12.00
# Visual Studio Version 17
VisualStudioVersion = 17.13.35825.156 d17.13
MinimumVisualStudioVersion = 10.0.40219.1
Project("{FAE04EC0-301F-11D3-BF4B-00C04F79EFBC}") = "PickRandomCards", "PickRandomCards\PickRandomCards.csproj", "{2B8EBED0-0B83-45D5-B3E0-1C5A112454EC}"
EndProject
Global
	GlobalSection(SolutionConfigurationPlatforms) = preSolution
		Debug|Any CPU = Debug|Any CPU
		Release|Any CPU = Release|Any CPU
	EndGlobalSection
	GlobalSection(ProjectConfigurationPlatforms) = postSolution
		{2B8EBED0-0B83-45D5-B3E0-1C5A112454EC}.Debug|Any CPU.ActiveCfg = Debug|Any CPU
		{2B8EBED0-0B83-45D5-B3E0-1C5A112454EC}.Debug|Any CPU.Build.0 = Debug|Any CPU
		{2B8EBED0-0B83-45D5-B3E0-1C5A112454EC}.Release|Any CPU.ActiveCfg = Release|Any CPU
		{2B8EBED0-0B83-45D5-B3E0-1C5A112454EC}.Release|Any CPU.Build.0 = Release|Any CPU
	EndGlobalSection
	GlobalSection(SolutionProperties) = preSolution
		HideSolutionNode = FALSE
	EndGlobalSection
	GlobalSection(ExtensibilityGlobals) = postSolution
		SolutionGuid = {91DEA786-93E7-46AB-B9C4-D40BB10C43F1}
	EndGlobalSection
EndGlobal
